
Microsoft Visual Studio Solution File, Format Version 12.00
# Visual Studio Version 17
VisualStudioVersion = 17.12.35728.132
MinimumVisualStudioVersion = 10.0.40219.1
Project("{FAE04EC0-301F-11D3-BF4B-00C04F79EFBC}") = "AgendaConsulta", "AgendaConsulta\AgendaConsulta.csproj", "{299BF2DD-9E63-48A7-AC7D-38AF88100E37}"
EndProject
Project("{FAE04EC0-301F-11D3-BF4B-00C04F79EFBC}") = "AgendaConsulta.Entidades", "AgendaConsulta.Entidades\AgendaConsulta.Entidades.csproj", "{2C823A1F-76A0-4C8D-9637-C89F951B2626}"
EndProject
Project("{FAE04EC0-301F-11D3-BF4B-00C04F79EFBC}") = "AgendaConsulta.Dados", "AgendaConsulta.Dados\AgendaConsulta.Dados.csproj", "{C3C53D15-9FDF-4058-A720-170FA6D641D8}"
EndProject
Project("{FAE04EC0-301F-11D3-BF4B-00C04F79EFBC}") = "AgendaConsulta.Negocios", "AgendaConsulta.Negocios\AgendaConsulta.Negocios.csproj", "{3DECE7CB-EA0D-4119-A903-D4B9871F721B}"
EndProject
Global
	GlobalSection(SolutionConfigurationPlatforms) = preSolution
		Debug|Any CPU = Debug|Any CPU
		Release|Any CPU = Release|Any CPU
	EndGlobalSection
	GlobalSection(ProjectConfigurationPlatforms) = postSolution
		{299BF2DD-9E63-48A7-AC7D-38AF88100E37}.Debug|Any CPU.ActiveCfg = Debug|Any CPU
		{299BF2DD-9E63-48A7-AC7D-38AF88100E37}.Debug|Any CPU.Build.0 = Debug|Any CPU
		{299BF2DD-9E63-48A7-AC7D-38AF88100E37}.Release|Any CPU.ActiveCfg = Release|Any CPU
		{299BF2DD-9E63-48A7-AC7D-38AF88100E37}.Release|Any CPU.Build.0 = Release|Any CPU
		{2C823A1F-76A0-4C8D-9637-C89F951B2626}.Debug|Any CPU.ActiveCfg = Debug|Any CPU
		{2C823A1F-76A0-4C8D-9637-C89F951B2626}.Debug|Any CPU.Build.0 = Debug|Any CPU
		{2C823A1F-76A0-4C8D-9637-C89F951B2626}.Release|Any CPU.ActiveCfg = Release|Any CPU
		{2C823A1F-76A0-4C8D-9637-C89F951B2626}.Release|Any CPU.Build.0 = Release|Any CPU
		{C3C53D15-9FDF-4058-A720-170FA6D641D8}.Debug|Any CPU.ActiveCfg = Debug|Any CPU
		{C3C53D15-9FDF-4058-A720-170FA6D641D8}.Debug|Any CPU.Build.0 = Debug|Any CPU
		{C3C53D15-9FDF-4058-A720-170FA6D641D8}.Release|Any CPU.ActiveCfg = Release|Any CPU
		{C3C53D15-9FDF-4058-A720-170FA6D641D8}.Release|Any CPU.Build.0 = Release|Any CPU
		{3DECE7CB-EA0D-4119-A903-D4B9871F721B}.Debug|Any CPU.ActiveCfg = Debug|Any CPU
		{3DECE7CB-EA0D-4119-A903-D4B9871F721B}.Debug|Any CPU.Build.0 = Debug|Any CPU
		{3DECE7CB-EA0D-4119-A903-D4B9871F721B}.Release|Any CPU.ActiveCfg = Release|Any CPU
		{3DECE7CB-EA0D-4119-A903-D4B9871F721B}.Release|Any CPU.Build.0 = Release|Any CPU
	EndGlobalSection
	GlobalSection(SolutionProperties) = preSolution
		HideSolutionNode = FALSE
	EndGlobalSection
EndGlobal
